
Microsoft Visual Studio Solution File, Format Version 12.00
# Visual Studio 15
VisualStudioVersion = 15.0.28307.1738
MinimumVisualStudioVersion = 10.0.40219.1
Project("{FAE04EC0-301F-11D3-BF4B-00C04F79EFBC}") = "currency converter", "currency converter\currency converter.csproj", "{CA2B8811-593B-4184-84FF-258CC80204BC}"
EndProject
Global
	GlobalSection(SolutionConfigurationPlatforms) = preSolution
		Debug|Any CPU = Debug|Any CPU
		Release|Any CPU = Release|Any CPU
	EndGlobalSection
	GlobalSection(ProjectConfigurationPlatforms) = postSolution
		{CA2B8811-593B-4184-84FF-258CC80204BC}.Debug|Any CPU.ActiveCfg = Debug|Any CPU
		{CA2B8811-593B-4184-84FF-258CC80204BC}.Debug|Any CPU.Build.0 = Debug|Any CPU
		{CA2B8811-593B-4184-84FF-258CC80204BC}.Release|Any CPU.ActiveCfg = Release|Any CPU
		{CA2B8811-593B-4184-84FF-258CC80204BC}.Release|Any CPU.Build.0 = Release|Any CPU
	EndGlobalSection
	GlobalSection(SolutionProperties) = preSolution
		HideSolutionNode = FALSE
	EndGlobalSection
	GlobalSection(ExtensibilityGlobals) = postSolution
		SolutionGuid = {EF2C7F83-97C8-449E-9188-81B4629F655F}
	EndGlobalSection
EndGlobal
